
Microsoft Visual Studio Solution File, Format Version 12.00
# Visual Studio Version 17
VisualStudioVersion = 17.10.35122.118
MinimumVisualStudioVersion = 10.0.40219.1
Project("{8BC9CEB8-8B4A-11D0-8D11-00A0C91BC942}") = "algorithmVisualizer", "algorithmVisualizer.vcxproj", "{D80348B4-F2DF-4BB3-9947-C4C24954B24B}"
EndProject
Global
	GlobalSection(SolutionConfigurationPlatforms) = preSolution
		Debug|x64 = Debug|x64
		Release|x64 = Release|x64
	EndGlobalSection
	GlobalSection(ProjectConfigurationPlatforms) = postSolution
		{D80348B4-F2DF-4BB3-9947-C4C24954B24B}.Debug|x64.ActiveCfg = Debug|x64
		{D80348B4-F2DF-4BB3-9947-C4C24954B24B}.Debug|x64.Build.0 = Debug|x64
		{D80348B4-F2DF-4BB3-9947-C4C24954B24B}.Release|x64.ActiveCfg = Release|x64
		{D80348B4-F2DF-4BB3-9947-C4C24954B24B}.Release|x64.Build.0 = Release|x64
	EndGlobalSection
	GlobalSection(SolutionProperties) = preSolution
		HideSolutionNode = FALSE
	EndGlobalSection
	GlobalSection(ExtensibilityGlobals) = postSolution
		SolutionGuid = {72889C00-28B5-41C7-A2F4-504DD2F85307}
	EndGlobalSection
EndGlobal
